<?xml version="1.0" encoding="utf-8"?>
<Project ToolsVersion="4.0" xmlns="http://schemas.microsoft.com/developer/msbuild/2003">
  <ItemGroup>
    <Filter Include="net">
      <UniqueIdentifier>{80aa1f24-dc9a-4f61-8f00-ce172c94ee9a}</UniqueIdentifier>
    </Filter>
    <Filter Include="net\curl">
      <UniqueIdentifier>{5ead92b6-6c67-4af7-a743-f29a556c15e2}</UniqueIdentifier>
    </Filter>
    <Filter Include="media">
      <UniqueIdentifier>{519224f7-9ab1-46c1-831f-468f33a1eff4}</UniqueIdentifier>
    </Filter>
    <Filter Include="media\demuxer">
      <UniqueIdentifier>{4e9862c1-2469-409f-9042-76ccf5d00284}</UniqueIdentifier>
    </Filter>
    <Filter Include="media\base">
      <UniqueIdentifier>{e41f33f1-3b50-44ae-9b19-57c1e29898ea}</UniqueIdentifier>
    </Filter>
    <Filter Include="media\decoder">
      <UniqueIdentifier>{b36dd627-6da7-488e-bcd4-4f87f7071e68}</UniqueIdentifier>
    </Filter>
    <Filter Include="media\ffmpeg">
      <UniqueIdentifier>{05d8e9c4-4c76-47cc-82a6-dd437925356e}</UniqueIdentifier>
    </Filter>
    <Filter Include="media\sound">
      <UniqueIdentifier>{a7b10423-bcb9-40a5-9f78-b2bc33c2948f}</UniqueIdentifier>
    </Filter>
    <Filter Include="media\sound\sdl">
      <UniqueIdentifier>{e33f3512-3d10-442b-b9b0-732755af785e}</UniqueIdentifier>
    </Filter>
    <Filter Include="media\renderer">
      <UniqueIdentifier>{bc4785ea-cf22-49c0-b7ce-fcdd51ee52fd}</UniqueIdentifier>
    </Filter>
    <Filter Include="base">
      <UniqueIdentifier>{20805221-4a9d-41b1-ae13-b5ec962daea8}</UniqueIdentifier>
    </Filter>
    <Filter Include="base\timer">
      <UniqueIdentifier>{eb9685d9-209c-40d7-8b58-079bcad530a1}</UniqueIdentifier>
    </Filter>
    <Filter Include="utils">
      <UniqueIdentifier>{1ef41199-2382-4ad3-bcd1-271d3c0c1c61}</UniqueIdentifier>
    </Filter>
    <Filter Include="log">
      <UniqueIdentifier>{9e51cf51-bcc3-4619-bfab-4aea3acae865}</UniqueIdentifier>
    </Filter>
  </ItemGroup>
  <ItemGroup>
    <ClCompile Include="..\..\..\..\net\file_stream_provider.cpp">
      <Filter>net</Filter>
    </ClCompile>
    <ClCompile Include="..\..\..\..\net\io_channel.cpp">
      <Filter>net</Filter>
    </ClCompile>
    <ClCompile Include="..\..\..\..\net\url.cpp">
      <Filter>net</Filter>
    </ClCompile>
    <ClCompile Include="..\..\..\..\net\curl\curl_adapter.cpp">
      <Filter>net\curl</Filter>
    </ClCompile>
    <ClCompile Include="..\..\..\..\media\av_pipeline.cpp">
      <Filter>media</Filter>
    </ClCompile>
    <ClCompile Include="..\..\..\..\media\demuxer\demuxer.cpp">
      <Filter>media\demuxer</Filter>
    </ClCompile>
    <ClCompile Include="..\..\..\..\media\demuxer\demuxer_stream.cpp">
      <Filter>media\demuxer</Filter>
    </ClCompile>
    <ClCompile Include="..\..\..\..\media\demuxer\ffmpeg_demuxer.cpp">
      <Filter>media\demuxer</Filter>
    </ClCompile>
    <ClCompile Include="..\..\..\..\media\demuxer\ffmpeg_demuxer_stream.cpp">
      <Filter>media\demuxer</Filter>
    </ClCompile>
    <ClCompile Include="..\..\..\..\media\base\audio_decoder_config.cpp">
      <Filter>media\base</Filter>
    </ClCompile>
    <ClCompile Include="..\..\..\..\media\base\audio_frame.cpp">
      <Filter>media\base</Filter>
    </ClCompile>
    <ClCompile Include="..\..\..\..\media\base\video_decoder_config.cpp">
      <Filter>media\base</Filter>
    </ClCompile>
    <ClCompile Include="..\..\..\..\media\base\video_frame.cpp">
      <Filter>media\base</Filter>
    </ClCompile>
    <ClCompile Include="..\..\..\..\media\decoder\audio_frame_stream.cpp">
      <Filter>media\decoder</Filter>
    </ClCompile>
    <ClCompile Include="..\..\..\..\media\decoder\ffmpeg_audio_decoder.cpp">
      <Filter>media\decoder</Filter>
    </ClCompile>
    <ClCompile Include="..\..\..\..\media\decoder\ffmpeg_video_decoder.cpp">
      <Filter>media\decoder</Filter>
    </ClCompile>
    <ClCompile Include="..\..\..\..\media\decoder\video_frame_stream.cpp">
      <Filter>media\decoder</Filter>
    </ClCompile>
    <ClCompile Include="..\..\..\..\media\FFmpeg\ffmpeg_common.cpp">
      <Filter>media\ffmpeg</Filter>
    </ClCompile>
    <ClCompile Include="..\..\..\..\media\renderer\audio_renderer_impl.cpp">
      <Filter>media\renderer</Filter>
    </ClCompile>
    <ClCompile Include="..\..\..\..\media\renderer\audio_renderer_sink.cpp">
      <Filter>media\renderer</Filter>
    </ClCompile>
    <ClCompile Include="..\..\..\..\media\renderer\renderer_impl.cpp">
      <Filter>media\renderer</Filter>
    </ClCompile>
    <ClCompile Include="..\..\..\..\media\renderer\sdl_audio_renderer_sink.cpp">
      <Filter>media\renderer</Filter>
    </ClCompile>
    <ClCompile Include="..\..\..\..\media\renderer\video_renderer_impl.cpp">
      <Filter>media\renderer</Filter>
    </ClCompile>
    <ClCompile Include="..\..\..\..\media\sound\AuxStream.cpp">
      <Filter>media\sound</Filter>
    </ClCompile>
    <ClCompile Include="..\..\..\..\media\sound\SoundHandler.cpp">
      <Filter>media\sound</Filter>
    </ClCompile>
    <ClCompile Include="..\..\..\..\media\sound\sdl\SoundHandlerSDL.cpp">
      <Filter>media\sound\sdl</Filter>
    </ClCompile>
    <ClCompile Include="..\..\..\..\base\ImageType.cpp">
      <Filter>base</Filter>
    </ClCompile>
    <ClCompile Include="..\..\..\..\base\timer\ClockTime.cpp">
      <Filter>base\timer</Filter>
    </ClCompile>
    <ClCompile Include="..\..\..\..\base\timer\scheduler_timer.cpp">
      <Filter>base\timer</Filter>
    </ClCompile>
    <ClCompile Include="..\..\..\..\base\timer\SystemClock.cpp">
      <Filter>base\timer</Filter>
    </ClCompile>
    <ClCompile Include="..\..\..\..\base\timer\wall_clock_timer.cpp">
      <Filter>base\timer</Filter>
    </ClCompile>
    <ClCompile Include="..\..\..\..\media\base\playback_clock.cpp">
      <Filter>media\base</Filter>
    </ClCompile>
    <ClCompile Include="..\..\..\..\utils\string_utils.cpp">
      <Filter>utils</Filter>
    </ClCompile>
    <ClCompile Include="..\..\..\..\log\log_wrapper.cc">
      <Filter>log</Filter>
    </ClCompile>
  </ItemGroup>
  <ItemGroup>
    <ClInclude Include="..\..\..\..\net\file_stream_provider.h">
      <Filter>net</Filter>
    </ClInclude>
    <ClInclude Include="..\..\..\..\net\io_channel.h">
      <Filter>net</Filter>
    </ClInclude>
    <ClInclude Include="..\..\..\..\net\url.h">
      <Filter>net</Filter>
    </ClInclude>
    <ClInclude Include="..\..\..\..\net\curl\curl_adapter.h">
      <Filter>net\curl</Filter>
    </ClInclude>
    <ClInclude Include="..\..\..\..\media\av_pipeline.h">
      <Filter>media</Filter>
    </ClInclude>
    <ClInclude Include="..\..\..\..\media\demuxer\demuxer.h">
      <Filter>media\demuxer</Filter>
    </ClInclude>
    <ClInclude Include="..\..\..\..\media\demuxer\demuxer_stream.h">
      <Filter>media\demuxer</Filter>
    </ClInclude>
    <ClInclude Include="..\..\..\..\media\demuxer\demuxer_stream_provider.h">
      <Filter>media\demuxer</Filter>
    </ClInclude>
    <ClInclude Include="..\..\..\..\media\demuxer\ffmpeg_demuxer.h">
      <Filter>media\demuxer</Filter>
    </ClInclude>
    <ClInclude Include="..\..\..\..\media\demuxer\ffmpeg_demuxer_stream.h">
      <Filter>media\demuxer</Filter>
    </ClInclude>
    <ClInclude Include="..\..\..\..\media\base\audio_decoder_config.h">
      <Filter>media\base</Filter>
    </ClInclude>
    <ClInclude Include="..\..\..\..\media\base\audio_frame.h">
      <Filter>media\base</Filter>
    </ClInclude>
    <ClInclude Include="..\..\..\..\media\base\audio_parameters.h">
      <Filter>media\base</Filter>
    </ClInclude>
    <ClInclude Include="..\..\..\..\media\base\channel_layout.h">
      <Filter>media\base</Filter>
    </ClInclude>
    <ClInclude Include="..\..\..\..\media\base\pipeline_status.h">
      <Filter>media\base</Filter>
    </ClInclude>
    <ClInclude Include="..\..\..\..\media\base\sample_format.h">
      <Filter>media\base</Filter>
    </ClInclude>
    <ClInclude Include="..\..\..\..\media\base\time_source.h">
      <Filter>media\base</Filter>
    </ClInclude>
    <ClInclude Include="..\..\..\..\media\base\video_decoder_config.h">
      <Filter>media\base</Filter>
    </ClInclude>
    <ClInclude Include="..\..\..\..\media\base\video_frame.h">
      <Filter>media\base</Filter>
    </ClInclude>
    <ClInclude Include="..\..\..\..\media\decoder\audio_decoder.h">
      <Filter>media\decoder</Filter>
    </ClInclude>
    <ClInclude Include="..\..\..\..\media\decoder\audio_frame_stream.h">
      <Filter>media\decoder</Filter>
    </ClInclude>
    <ClInclude Include="..\..\..\..\media\decoder\ffmpeg_audio_decoder.h">
      <Filter>media\decoder</Filter>
    </ClInclude>
    <ClInclude Include="..\..\..\..\media\decoder\ffmpeg_video_decoder.h">
      <Filter>media\decoder</Filter>
    </ClInclude>
    <ClInclude Include="..\..\..\..\media\decoder\video_decoder.h">
      <Filter>media\decoder</Filter>
    </ClInclude>
    <ClInclude Include="..\..\..\..\media\decoder\video_frame_stream.h">
      <Filter>media\decoder</Filter>
    </ClInclude>
    <ClInclude Include="..\..\..\..\media\FFmpeg\ffmpeg_common.h">
      <Filter>media\ffmpeg</Filter>
    </ClInclude>
    <ClInclude Include="..\..\..\..\media\renderer\audio_renderer.h">
      <Filter>media\renderer</Filter>
    </ClInclude>
    <ClInclude Include="..\..\..\..\media\renderer\audio_renderer_impl.h">
      <Filter>media\renderer</Filter>
    </ClInclude>
    <ClInclude Include="..\..\..\..\media\renderer\audio_renderer_sink.h">
      <Filter>media\renderer</Filter>
    </ClInclude>
    <ClInclude Include="..\..\..\..\media\renderer\renderer.h">
      <Filter>media\renderer</Filter>
    </ClInclude>
    <ClInclude Include="..\..\..\..\media\renderer\renderer_impl.h">
      <Filter>media\renderer</Filter>
    </ClInclude>
    <ClInclude Include="..\..\..\..\media\renderer\sdl_audio_renderer_sink.h">
      <Filter>media\renderer</Filter>
    </ClInclude>
    <ClInclude Include="..\..\..\..\media\renderer\video_renderer.h">
      <Filter>media\renderer</Filter>
    </ClInclude>
    <ClInclude Include="..\..\..\..\media\renderer\video_renderer_impl.h">
      <Filter>media\renderer</Filter>
    </ClInclude>
    <ClInclude Include="..\..\..\..\media\sound\AuxStream.h">
      <Filter>media\sound</Filter>
    </ClInclude>
    <ClInclude Include="..\..\..\..\media\sound\InputStream.h">
      <Filter>media\sound</Filter>
    </ClInclude>
    <ClInclude Include="..\..\..\..\media\sound\SoundHandler.h">
      <Filter>media\sound</Filter>
    </ClInclude>
    <ClInclude Include="..\..\..\..\media\sound\sdl\SoundHandlerSDL.h">
      <Filter>media\sound\sdl</Filter>
    </ClInclude>
    <ClInclude Include="..\..\..\..\base\base_type.h">
      <Filter>base</Filter>
    </ClInclude>
    <ClInclude Include="..\..\..\..\base\ImageType.h">
      <Filter>base</Filter>
    </ClInclude>
    <ClInclude Include="..\..\..\..\base\snail_exception.h">
      <Filter>base</Filter>
    </ClInclude>
    <ClInclude Include="..\..\..\..\base\SnailConfig.h">
      <Filter>base</Filter>
    </ClInclude>
    <ClInclude Include="..\..\..\..\base\timer\ClockTime.h">
      <Filter>base\timer</Filter>
    </ClInclude>
    <ClInclude Include="..\..\..\..\base\timer\scheduler_timer.h">
      <Filter>base\timer</Filter>
    </ClInclude>
    <ClInclude Include="..\..\..\..\base\timer\SnailSleep.h">
      <Filter>base\timer</Filter>
    </ClInclude>
    <ClInclude Include="..\..\..\..\base\timer\SystemClock.h">
      <Filter>base\timer</Filter>
    </ClInclude>
    <ClInclude Include="..\..\..\..\base\timer\VirtualClock.h">
      <Filter>base\timer</Filter>
    </ClInclude>
    <ClInclude Include="..\..\..\..\base\timer\wall_clock_timer.h">
      <Filter>base\timer</Filter>
    </ClInclude>
    <ClInclude Include="..\..\..\..\media\base\playback_clock.h">
      <Filter>media\base</Filter>
    </ClInclude>
    <ClInclude Include="..\..\..\..\utils\string_utils.h">
      <Filter>utils</Filter>
    </ClInclude>
    <ClInclude Include="..\..\..\..\media\base\type_define.h">
      <Filter>media\base</Filter>
    </ClInclude>
    <ClInclude Include="..\..\..\..\log\log_wrapper.h">
      <Filter>log</Filter>
    </ClInclude>
  </ItemGroup>
</Project>